// !$*UTF8*$!
{
	archiveVersion = 1;
	classes = {
	};
	objectVersion = 56;
	objects = {

/* Begin PBXBuildFile section */
		AF1700212B2991590033EE36 /* SessionDetailView.swift in Sources */ = {isa = PBXBuildFile; fileRef = AF1700202B2991590033EE36 /* SessionDetailView.swift */; };
		AF1700232B29B39E0033EE36 /* HistoryView.swift in Sources */ = {isa = PBXBuildFile; fileRef = AF1700222B29B39E0033EE36 /* HistoryView.swift */; };
		AF1700252B29BDFF0033EE36 /* Sessions.swift in Sources */ = {isa = PBXBuildFile; fileRef = AF1700242B29BDFF0033EE36 /* Sessions.swift */; };
		AF59B8612B31E16A007F8A5E /* SettingView.swift in Sources */ = {isa = PBXBuildFile; fileRef = AF59B8602B31E16A007F8A5E /* SettingView.swift */; };
		AF59B8642B34088B007F8A5E /* Wallet+CoreDataClass.swift in Sources */ = {isa = PBXBuildFile; fileRef = AF59B8622B34088B007F8A5E /* Wallet+CoreDataClass.swift */; };
		AF59B8652B34088B007F8A5E /* Wallet+CoreDataProperties.swift in Sources */ = {isa = PBXBuildFile; fileRef = AF59B8632B34088B007F8A5E /* Wallet+CoreDataProperties.swift */; };
		AF59B8692B341E9C007F8A5E /* Wallet.swift in Sources */ = {isa = PBXBuildFile; fileRef = AF59B8682B341E9C007F8A5E /* Wallet.swift */; };
		AF59B86B2B343CDA007F8A5E /* ShopView.swift in Sources */ = {isa = PBXBuildFile; fileRef = AF59B86A2B343CDA007F8A5E /* ShopView.swift */; };
		AF59B86E2B3445F8007F8A5E /* Products.json in Resources */ = {isa = PBXBuildFile; fileRef = AF59B86D2B3445F8007F8A5E /* Products.json */; };
		AF59B8752B3447A0007F8A5E /* Stuffs+CoreDataClass.swift in Sources */ = {isa = PBXBuildFile; fileRef = AF59B8732B3447A0007F8A5E /* Stuffs+CoreDataClass.swift */; };
		AF59B8762B3447A0007F8A5E /* Stuffs+CoreDataProperties.swift in Sources */ = {isa = PBXBuildFile; fileRef = AF59B8742B3447A0007F8A5E /* Stuffs+CoreDataProperties.swift */; };
		AF59B8782B3447D1007F8A5E /* Stuffs.swift in Sources */ = {isa = PBXBuildFile; fileRef = AF59B8772B3447D1007F8A5E /* Stuffs.swift */; };
		AF59B87C2B34494F007F8A5E /* Products.swift in Sources */ = {isa = PBXBuildFile; fileRef = AF59B87B2B34494F007F8A5E /* Products.swift */; };
		AF59B8802B3733D2007F8A5E /* Localizable.strings in Resources */ = {isa = PBXBuildFile; fileRef = AF59B8822B3733D2007F8A5E /* Localizable.strings */; };
		AF59B8872B3733FB007F8A5E /* Language.swift in Sources */ = {isa = PBXBuildFile; fileRef = AF59B8862B3733FB007F8A5E /* Language.swift */; };
		AF59B8892B373494007F8A5E /* Strings+localisations.swift in Sources */ = {isa = PBXBuildFile; fileRef = AF59B8882B373494007F8A5E /* Strings+localisations.swift */; };
		AF59B88B2B3734D5007F8A5E /* LocalizationService.swift in Sources */ = {isa = PBXBuildFile; fileRef = AF59B88A2B3734D5007F8A5E /* LocalizationService.swift */; };
		AF59B8912B387E15007F8A5E /* OnBoardingView.swift in Sources */ = {isa = PBXBuildFile; fileRef = AF59B8902B387E15007F8A5E /* OnBoardingView.swift */; };
		AF958C922B23719500517454 /* Utils.swift in Sources */ = {isa = PBXBuildFile; fileRef = AF958C912B23719500517454 /* Utils.swift */; };
		AF980A5A2B0FA9EE00AA71E4 /* five_minutes_math_drillsApp.swift in Sources */ = {isa = PBXBuildFile; fileRef = AF980A592B0FA9EE00AA71E4 /* five_minutes_math_drillsApp.swift */; };
		AF980A5C2B0FA9EE00AA71E4 /* ContentView.swift in Sources */ = {isa = PBXBuildFile; fileRef = AF980A5B2B0FA9EE00AA71E4 /* ContentView.swift */; };
		AF980A5E2B0FA9EF00AA71E4 /* Assets.xcassets in Resources */ = {isa = PBXBuildFile; fileRef = AF980A5D2B0FA9EF00AA71E4 /* Assets.xcassets */; };
		AF980A612B0FA9EF00AA71E4 /* Preview Assets.xcassets in Resources */ = {isa = PBXBuildFile; fileRef = AF980A602B0FA9EF00AA71E4 /* Preview Assets.xcassets */; };
		AF980A692B0FAA9A00AA71E4 /* DrillView.swift in Sources */ = {isa = PBXBuildFile; fileRef = AF980A682B0FAA9A00AA71E4 /* DrillView.swift */; };
		AFB271092B108E4900A1234A /* DrillSessionView.swift in Sources */ = {isa = PBXBuildFile; fileRef = AFB271082B108E4900A1234A /* DrillSessionView.swift */; };
		AFB2710C2B1096D400A1234A /* NavigationPathState.swift in Sources */ = {isa = PBXBuildFile; fileRef = AFB2710B2B1096D400A1234A /* NavigationPathState.swift */; };
		AFB271102B10AB9300A1234A /* LoadingView.swift in Sources */ = {isa = PBXBuildFile; fileRef = AFB2710F2B10AB9300A1234A /* LoadingView.swift */; };
		AFB271122B10FDB700A1234A /* DrillSessionState.swift in Sources */ = {isa = PBXBuildFile; fileRef = AFB271112B10FDB700A1234A /* DrillSessionState.swift */; };
		AFB271152B11011E00A1234A /* QuestionGenerator.swift in Sources */ = {isa = PBXBuildFile; fileRef = AFB271142B11011E00A1234A /* QuestionGenerator.swift */; };
		AFB271172B11012A00A1234A /* AnswerGenerator.swift in Sources */ = {isa = PBXBuildFile; fileRef = AFB271162B11012A00A1234A /* AnswerGenerator.swift */; };
		AFD62CB12B1C864100A9339C /* 5minmath.xcdatamodeld in Sources */ = {isa = PBXBuildFile; fileRef = AFD62CAF2B1C864100A9339C /* 5minmath.xcdatamodeld */; };
		AFDDABA92B1F7D3C00BF1575 /* Sessions+CoreDataClass.swift in Sources */ = {isa = PBXBuildFile; fileRef = AFDDABA52B1F7D3C00BF1575 /* Sessions+CoreDataClass.swift */; };
		AFDDABAA2B1F7D3C00BF1575 /* Sessions+CoreDataProperties.swift in Sources */ = {isa = PBXBuildFile; fileRef = AFDDABA62B1F7D3C00BF1575 /* Sessions+CoreDataProperties.swift */; };
		AFDDABAB2B1F7D3C00BF1575 /* Questions+CoreDataClass.swift in Sources */ = {isa = PBXBuildFile; fileRef = AFDDABA72B1F7D3C00BF1575 /* Questions+CoreDataClass.swift */; };
		AFDDABAC2B1F7D3C00BF1575 /* Questions+CoreDataProperties.swift in Sources */ = {isa = PBXBuildFile; fileRef = AFDDABA82B1F7D3C00BF1575 /* Questions+CoreDataProperties.swift */; };
		AFDDABAE2B1F7E5800BF1575 /* CoreDataProvider.swift in Sources */ = {isa = PBXBuildFile; fileRef = AFDDABAD2B1F7E5800BF1575 /* CoreDataProvider.swift */; };
/* End PBXBuildFile section */

/* Begin PBXFileReference section */
		AF1700202B2991590033EE36 /* SessionDetailView.swift */ = {isa = PBXFileReference; lastKnownFileType = sourcecode.swift; path = SessionDetailView.swift; sourceTree = "<group>"; };
		AF1700222B29B39E0033EE36 /* HistoryView.swift */ = {isa = PBXFileReference; lastKnownFileType = sourcecode.swift; path = HistoryView.swift; sourceTree = "<group>"; };
		AF1700242B29BDFF0033EE36 /* Sessions.swift */ = {isa = PBXFileReference; lastKnownFileType = sourcecode.swift; path = Sessions.swift; sourceTree = "<group>"; };
		AF59B8602B31E16A007F8A5E /* SettingView.swift */ = {isa = PBXFileReference; lastKnownFileType = sourcecode.swift; path = SettingView.swift; sourceTree = "<group>"; };
		AF59B8622B34088B007F8A5E /* Wallet+CoreDataClass.swift */ = {isa = PBXFileReference; lastKnownFileType = sourcecode.swift; path = "Wallet+CoreDataClass.swift"; sourceTree = "<group>"; };
		AF59B8632B34088B007F8A5E /* Wallet+CoreDataProperties.swift */ = {isa = PBXFileReference; lastKnownFileType = sourcecode.swift; path = "Wallet+CoreDataProperties.swift"; sourceTree = "<group>"; };
		AF59B8682B341E9C007F8A5E /* Wallet.swift */ = {isa = PBXFileReference; lastKnownFileType = sourcecode.swift; path = Wallet.swift; sourceTree = "<group>"; };
		AF59B86A2B343CDA007F8A5E /* ShopView.swift */ = {isa = PBXFileReference; lastKnownFileType = sourcecode.swift; path = ShopView.swift; sourceTree = "<group>"; };
		AF59B86D2B3445F8007F8A5E /* Products.json */ = {isa = PBXFileReference; fileEncoding = 4; lastKnownFileType = text.json; path = Products.json; sourceTree = "<group>"; };
		AF59B8732B3447A0007F8A5E /* Stuffs+CoreDataClass.swift */ = {isa = PBXFileReference; lastKnownFileType = sourcecode.swift; path = "Stuffs+CoreDataClass.swift"; sourceTree = "<group>"; };
		AF59B8742B3447A0007F8A5E /* Stuffs+CoreDataProperties.swift */ = {isa = PBXFileReference; lastKnownFileType = sourcecode.swift; path = "Stuffs+CoreDataProperties.swift"; sourceTree = "<group>"; };
		AF59B8772B3447D1007F8A5E /* Stuffs.swift */ = {isa = PBXFileReference; lastKnownFileType = sourcecode.swift; path = Stuffs.swift; sourceTree = "<group>"; };
		AF59B87B2B34494F007F8A5E /* Products.swift */ = {isa = PBXFileReference; lastKnownFileType = sourcecode.swift; path = Products.swift; sourceTree = "<group>"; };
		AF59B8812B3733D2007F8A5E /* en */ = {isa = PBXFileReference; lastKnownFileType = text.plist.strings; name = en; path = en.lproj/Localizable.strings; sourceTree = "<group>"; };
		AF59B8832B3733D6007F8A5E /* zh-Hans */ = {isa = PBXFileReference; lastKnownFileType = text.plist.strings; name = "zh-Hans"; path = "zh-Hans.lproj/Localizable.strings"; sourceTree = "<group>"; };
		AF59B8842B3733DE007F8A5E /* de */ = {isa = PBXFileReference; lastKnownFileType = text.plist.strings; name = de; path = de.lproj/Localizable.strings; sourceTree = "<group>"; };
		AF59B8852B3733E0007F8A5E /* ja */ = {isa = PBXFileReference; lastKnownFileType = text.plist.strings; name = ja; path = ja.lproj/Localizable.strings; sourceTree = "<group>"; };
		AF59B8862B3733FB007F8A5E /* Language.swift */ = {isa = PBXFileReference; lastKnownFileType = sourcecode.swift; path = Language.swift; sourceTree = "<group>"; };
		AF59B8882B373494007F8A5E /* Strings+localisations.swift */ = {isa = PBXFileReference; lastKnownFileType = sourcecode.swift; path = "Strings+localisations.swift"; sourceTree = "<group>"; };
		AF59B88A2B3734D5007F8A5E /* LocalizationService.swift */ = {isa = PBXFileReference; lastKnownFileType = sourcecode.swift; path = LocalizationService.swift; sourceTree = "<group>"; };
		AF59B8902B387E15007F8A5E /* OnBoardingView.swift */ = {isa = PBXFileReference; lastKnownFileType = sourcecode.swift; path = OnBoardingView.swift; sourceTree = "<group>"; };
		AF958C912B23719500517454 /* Utils.swift */ = {isa = PBXFileReference; lastKnownFileType = sourcecode.swift; path = Utils.swift; sourceTree = "<group>"; };
		AF980A562B0FA9EE00AA71E4 /* five.minutes.math.drills.app */ = {isa = PBXFileReference; explicitFileType = wrapper.application; includeInIndex = 0; path = five.minutes.math.drills.app; sourceTree = BUILT_PRODUCTS_DIR; };
		AF980A592B0FA9EE00AA71E4 /* five_minutes_math_drillsApp.swift */ = {isa = PBXFileReference; lastKnownFileType = sourcecode.swift; path = five_minutes_math_drillsApp.swift; sourceTree = "<group>"; };
		AF980A5B2B0FA9EE00AA71E4 /* ContentView.swift */ = {isa = PBXFileReference; lastKnownFileType = sourcecode.swift; path = ContentView.swift; sourceTree = "<group>"; };
		AF980A5D2B0FA9EF00AA71E4 /* Assets.xcassets */ = {isa = PBXFileReference; lastKnownFileType = folder.assetcatalog; path = Assets.xcassets; sourceTree = "<group>"; };
		AF980A602B0FA9EF00AA71E4 /* Preview Assets.xcassets */ = {isa = PBXFileReference; lastKnownFileType = folder.assetcatalog; path = "Preview Assets.xcassets"; sourceTree = "<group>"; };
		AF980A682B0FAA9A00AA71E4 /* DrillView.swift */ = {isa = PBXFileReference; lastKnownFileType = sourcecode.swift; path = DrillView.swift; sourceTree = "<group>"; };
		AFB271082B108E4900A1234A /* DrillSessionView.swift */ = {isa = PBXFileReference; lastKnownFileType = sourcecode.swift; path = DrillSessionView.swift; sourceTree = "<group>"; };
		AFB2710B2B1096D400A1234A /* NavigationPathState.swift */ = {isa = PBXFileReference; lastKnownFileType = sourcecode.swift; path = NavigationPathState.swift; sourceTree = "<group>"; };
		AFB2710F2B10AB9300A1234A /* LoadingView.swift */ = {isa = PBXFileReference; lastKnownFileType = sourcecode.swift; path = LoadingView.swift; sourceTree = "<group>"; };
		AFB271112B10FDB700A1234A /* DrillSessionState.swift */ = {isa = PBXFileReference; lastKnownFileType = sourcecode.swift; path = DrillSessionState.swift; sourceTree = "<group>"; };
		AFB271142B11011E00A1234A /* QuestionGenerator.swift */ = {isa = PBXFileReference; lastKnownFileType = sourcecode.swift; path = QuestionGenerator.swift; sourceTree = "<group>"; };
		AFB271162B11012A00A1234A /* AnswerGenerator.swift */ = {isa = PBXFileReference; lastKnownFileType = sourcecode.swift; path = AnswerGenerator.swift; sourceTree = "<group>"; };
		AFD62CB02B1C864100A9339C /* 5minmath.xcdatamodel */ = {isa = PBXFileReference; lastKnownFileType = wrapper.xcdatamodel; path = 5minmath.xcdatamodel; sourceTree = "<group>"; };
		AFDDABA52B1F7D3C00BF1575 /* Sessions+CoreDataClass.swift */ = {isa = PBXFileReference; lastKnownFileType = sourcecode.swift; path = "Sessions+CoreDataClass.swift"; sourceTree = "<group>"; };
		AFDDABA62B1F7D3C00BF1575 /* Sessions+CoreDataProperties.swift */ = {isa = PBXFileReference; lastKnownFileType = sourcecode.swift; path = "Sessions+CoreDataProperties.swift"; sourceTree = "<group>"; };
		AFDDABA72B1F7D3C00BF1575 /* Questions+CoreDataClass.swift */ = {isa = PBXFileReference; lastKnownFileType = sourcecode.swift; path = "Questions+CoreDataClass.swift"; sourceTree = "<group>"; };
		AFDDABA82B1F7D3C00BF1575 /* Questions+CoreDataProperties.swift */ = {isa = PBXFileReference; lastKnownFileType = sourcecode.swift; path = "Questions+CoreDataProperties.swift"; sourceTree = "<group>"; };
		AFDDABAD2B1F7E5800BF1575 /* CoreDataProvider.swift */ = {isa = PBXFileReference; lastKnownFileType = sourcecode.swift; path = CoreDataProvider.swift; sourceTree = "<group>"; };
/* End PBXFileReference section */

/* Begin PBXFrameworksBuildPhase section */
		AF980A532B0FA9EE00AA71E4 /* Frameworks */ = {
			isa = PBXFrameworksBuildPhase;
			buildActionMask = 2147483647;
			files = (
			);
			runOnlyForDeploymentPostprocessing = 0;
		};
/* End PBXFrameworksBuildPhase section */

/* Begin PBXGroup section */
		AF59B86C2B34456C007F8A5E /* Data */ = {
			isa = PBXGroup;
			children = (
				AF59B86D2B3445F8007F8A5E /* Products.json */,
			);
			path = Data;
			sourceTree = "<group>";
		};
		AF59B87D2B373391007F8A5E /* Localization */ = {
			isa = PBXGroup;
			children = (
				AF59B8822B3733D2007F8A5E /* Localizable.strings */,
				AF59B8862B3733FB007F8A5E /* Language.swift */,
				AF59B8882B373494007F8A5E /* Strings+localisations.swift */,
				AF59B88A2B3734D5007F8A5E /* LocalizationService.swift */,
			);
			path = Localization;
			sourceTree = "<group>";
		};
		AF958C902B23718000517454 /* Utils */ = {
			isa = PBXGroup;
			children = (
				AF958C912B23719500517454 /* Utils.swift */,
			);
			path = Utils;
			sourceTree = "<group>";
		};
		AF980A4D2B0FA9EE00AA71E4 = {
			isa = PBXGroup;
			children = (
				AF59B8732B3447A0007F8A5E /* Stuffs+CoreDataClass.swift */,
				AF59B8742B3447A0007F8A5E /* Stuffs+CoreDataProperties.swift */,
				AF59B8622B34088B007F8A5E /* Wallet+CoreDataClass.swift */,
				AF59B8632B34088B007F8A5E /* Wallet+CoreDataProperties.swift */,
				AFDDABA52B1F7D3C00BF1575 /* Sessions+CoreDataClass.swift */,
				AFDDABA62B1F7D3C00BF1575 /* Sessions+CoreDataProperties.swift */,
				AFDDABA72B1F7D3C00BF1575 /* Questions+CoreDataClass.swift */,
				AFDDABA82B1F7D3C00BF1575 /* Questions+CoreDataProperties.swift */,
				AF980A582B0FA9EE00AA71E4 /* five.minutes.math.drills */,
				AF980A572B0FA9EE00AA71E4 /* Products */,
			);
			sourceTree = "<group>";
		};
		AF980A572B0FA9EE00AA71E4 /* Products */ = {
			isa = PBXGroup;
			children = (
				AF980A562B0FA9EE00AA71E4 /* five.minutes.math.drills.app */,
			);
			name = Products;
			sourceTree = "<group>";
		};
		AF980A582B0FA9EE00AA71E4 /* five.minutes.math.drills */ = {
			isa = PBXGroup;
			children = (
				AF59B87D2B373391007F8A5E /* Localization */,
				AF59B86C2B34456C007F8A5E /* Data */,
				AF958C902B23718000517454 /* Utils */,
				AFB271182B11013700A1234A /* Models */,
				AFB271132B11010D00A1234A /* Generator */,
				AFB2710A2B1095B700A1234A /* State */,
				AF980A672B0FAA7400AA71E4 /* Views */,
				AF980A592B0FA9EE00AA71E4 /* five_minutes_math_drillsApp.swift */,
				AF980A5D2B0FA9EF00AA71E4 /* Assets.xcassets */,
				AF980A5F2B0FA9EF00AA71E4 /* Preview Content */,
				AFD62CAF2B1C864100A9339C /* 5minmath.xcdatamodeld */,
				AFDDABAD2B1F7E5800BF1575 /* CoreDataProvider.swift */,
			);
			path = five.minutes.math.drills;
			sourceTree = "<group>";
		};
		AF980A5F2B0FA9EF00AA71E4 /* Preview Content */ = {
			isa = PBXGroup;
			children = (
				AF980A602B0FA9EF00AA71E4 /* Preview Assets.xcassets */,
			);
			path = "Preview Content";
			sourceTree = "<group>";
		};
		AF980A672B0FAA7400AA71E4 /* Views */ = {
			isa = PBXGroup;
			children = (
				AF980A5B2B0FA9EE00AA71E4 /* ContentView.swift */,
				AF980A682B0FAA9A00AA71E4 /* DrillView.swift */,
				AFB271082B108E4900A1234A /* DrillSessionView.swift */,
				AFB2710F2B10AB9300A1234A /* LoadingView.swift */,
				AF1700202B2991590033EE36 /* SessionDetailView.swift */,
				AF1700222B29B39E0033EE36 /* HistoryView.swift */,
				AF59B8602B31E16A007F8A5E /* SettingView.swift */,
				AF59B86A2B343CDA007F8A5E /* ShopView.swift */,
				AF59B8902B387E15007F8A5E /* OnBoardingView.swift */,
			);
			path = Views;
			sourceTree = "<group>";
		};
		AFB2710A2B1095B700A1234A /* State */ = {
			isa = PBXGroup;
			children = (
				AFB2710B2B1096D400A1234A /* NavigationPathState.swift */,
				AFB271112B10FDB700A1234A /* DrillSessionState.swift */,
			);
			path = State;
			sourceTree = "<group>";
		};
		AFB271132B11010D00A1234A /* Generator */ = {
			isa = PBXGroup;
			children = (
				AFB271142B11011E00A1234A /* QuestionGenerator.swift */,
				AFB271162B11012A00A1234A /* AnswerGenerator.swift */,
			);
			path = Generator;
			sourceTree = "<group>";
		};
		AFB271182B11013700A1234A /* Models */ = {
			isa = PBXGroup;
			children = (
				AF1700242B29BDFF0033EE36 /* Sessions.swift */,
				AF59B8682B341E9C007F8A5E /* Wallet.swift */,
				AF59B8772B3447D1007F8A5E /* Stuffs.swift */,
				AF59B87B2B34494F007F8A5E /* Products.swift */,
			);
			path = Models;
			sourceTree = "<group>";
		};
/* End PBXGroup section */

/* Begin PBXNativeTarget section */
		AF980A552B0FA9EE00AA71E4 /* five.minutes.math.drills */ = {
			isa = PBXNativeTarget;
			buildConfigurationList = AF980A642B0FA9EF00AA71E4 /* Build configuration list for PBXNativeTarget "five.minutes.math.drills" */;
			buildPhases = (
				AF980A522B0FA9EE00AA71E4 /* Sources */,
				AF980A532B0FA9EE00AA71E4 /* Frameworks */,
				AF980A542B0FA9EE00AA71E4 /* Resources */,
			);
			buildRules = (
			);
			dependencies = (
			);
			name = five.minutes.math.drills;
			productName = five.minutes.math.drills;
			productReference = AF980A562B0FA9EE00AA71E4 /* five.minutes.math.drills.app */;
			productType = "com.apple.product-type.application";
		};
/* End PBXNativeTarget section */

/* Begin PBXProject section */
		AF980A4E2B0FA9EE00AA71E4 /* Project object */ = {
			isa = PBXProject;
			attributes = {
				BuildIndependentTargetsInParallel = 1;
				LastSwiftUpdateCheck = 1500;
				LastUpgradeCheck = 1500;
				TargetAttributes = {
					AF980A552B0FA9EE00AA71E4 = {
						CreatedOnToolsVersion = 15.0.1;
					};
				};
			};
			buildConfigurationList = AF980A512B0FA9EE00AA71E4 /* Build configuration list for PBXProject "five.minutes.math.drills" */;
			compatibilityVersion = "Xcode 14.0";
			developmentRegion = en;
			hasScannedForEncodings = 0;
			knownRegions = (
				en,
				Base,
				"zh-Hans",
				de,
				ja,
			);
			mainGroup = AF980A4D2B0FA9EE00AA71E4;
			productRefGroup = AF980A572B0FA9EE00AA71E4 /* Products */;
			projectDirPath = "";
			projectRoot = "";
			targets = (
				AF980A552B0FA9EE00AA71E4 /* five.minutes.math.drills */,
			);
		};
/* End PBXProject section */

/* Begin PBXResourcesBuildPhase section */
		AF980A542B0FA9EE00AA71E4 /* Resources */ = {
			isa = PBXResourcesBuildPhase;
			buildActionMask = 2147483647;
			files = (
				AF980A612B0FA9EF00AA71E4 /* Preview Assets.xcassets in Resources */,
				AF59B8802B3733D2007F8A5E /* Localizable.strings in Resources */,
				AF980A5E2B0FA9EF00AA71E4 /* Assets.xcassets in Resources */,
				AF59B86E2B3445F8007F8A5E /* Products.json in Resources */,
			);
			runOnlyForDeploymentPostprocessing = 0;
		};
/* End PBXResourcesBuildPhase section */

/* Begin PBXSourcesBuildPhase section */
		AF980A522B0FA9EE00AA71E4 /* Sources */ = {
			isa = PBXSourcesBuildPhase;
			buildActionMask = 2147483647;
			files = (
				AFD62CB12B1C864100A9339C /* 5minmath.xcdatamodeld in Sources */,
				AF59B8612B31E16A007F8A5E /* SettingView.swift in Sources */,
				AF980A5C2B0FA9EE00AA71E4 /* ContentView.swift in Sources */,
				AF59B8872B3733FB007F8A5E /* Language.swift in Sources */,
				AF1700252B29BDFF0033EE36 /* Sessions.swift in Sources */,
				AFB271152B11011E00A1234A /* QuestionGenerator.swift in Sources */,
				AFB271122B10FDB700A1234A /* DrillSessionState.swift in Sources */,
				AF59B86B2B343CDA007F8A5E /* ShopView.swift in Sources */,
				AF980A692B0FAA9A00AA71E4 /* DrillView.swift in Sources */,
				AFB2710C2B1096D400A1234A /* NavigationPathState.swift in Sources */,
				AFB271172B11012A00A1234A /* AnswerGenerator.swift in Sources */,
				AF980A5A2B0FA9EE00AA71E4 /* five_minutes_math_drillsApp.swift in Sources */,
				AF59B8652B34088B007F8A5E /* Wallet+CoreDataProperties.swift in Sources */,
				AF59B8912B387E15007F8A5E /* OnBoardingView.swift in Sources */,
				AF958C922B23719500517454 /* Utils.swift in Sources */,
				AF59B8892B373494007F8A5E /* Strings+localisations.swift in Sources */,
				AF59B8752B3447A0007F8A5E /* Stuffs+CoreDataClass.swift in Sources */,
				AF59B8782B3447D1007F8A5E /* Stuffs.swift in Sources */,
				AF1700212B2991590033EE36 /* SessionDetailView.swift in Sources */,
				AFDDABAB2B1F7D3C00BF1575 /* Questions+CoreDataClass.swift in Sources */,
				AF59B87C2B34494F007F8A5E /* Products.swift in Sources */,
				AF59B8692B341E9C007F8A5E /* Wallet.swift in Sources */,
				AF1700232B29B39E0033EE36 /* HistoryView.swift in Sources */,
				AF59B8762B3447A0007F8A5E /* Stuffs+CoreDataProperties.swift in Sources */,
				AF59B88B2B3734D5007F8A5E /* LocalizationService.swift in Sources */,
				AFB271092B108E4900A1234A /* DrillSessionView.swift in Sources */,
				AFDDABA92B1F7D3C00BF1575 /* Sessions+CoreDataClass.swift in Sources */,
				AFDDABAA2B1F7D3C00BF1575 /* Sessions+CoreDataProperties.swift in Sources */,
				AFDDABAC2B1F7D3C00BF1575 /* Questions+CoreDataProperties.swift in Sources */,
				AF59B8642B34088B007F8A5E /* Wallet+CoreDataClass.swift in Sources */,
				AFB271102B10AB9300A1234A /* LoadingView.swift in Sources */,
				AFDDABAE2B1F7E5800BF1575 /* CoreDataProvider.swift in Sources */,
			);
			runOnlyForDeploymentPostprocessing = 0;
		};
/* End PBXSourcesBuildPhase section */

/* Begin PBXVariantGroup section */
		AF59B8822B3733D2007F8A5E /* Localizable.strings */ = {
			isa = PBXVariantGroup;
			children = (
				AF59B8812B3733D2007F8A5E /* en */,
				AF59B8832B3733D6007F8A5E /* zh-Hans */,
				AF59B8842B3733DE007F8A5E /* de */,
				AF59B8852B3733E0007F8A5E /* ja */,
			);
			name = Localizable.strings;
			sourceTree = "<group>";
		};
/* End PBXVariantGroup section */

/* Begin XCBuildConfiguration section */
		AF980A622B0FA9EF00AA71E4 /* Debug */ = {
			isa = XCBuildConfiguration;
			buildSettings = {
				ALWAYS_SEARCH_USER_PATHS = NO;
				ASSETCATALOG_COMPILER_GENERATE_SWIFT_ASSET_SYMBOL_EXTENSIONS = YES;
				CLANG_ANALYZER_NONNULL = YES;
				CLANG_ANALYZER_NUMBER_OBJECT_CONVERSION = YES_AGGRESSIVE;
				CLANG_CXX_LANGUAGE_STANDARD = "gnu++20";
				CLANG_ENABLE_MODULES = YES;
				CLANG_ENABLE_OBJC_ARC = YES;
				CLANG_ENABLE_OBJC_WEAK = YES;
				CLANG_WARN_BLOCK_CAPTURE_AUTORELEASING = YES;
				CLANG_WARN_BOOL_CONVERSION = YES;
				CLANG_WARN_COMMA = YES;
				CLANG_WARN_CONSTANT_CONVERSION = YES;
				CLANG_WARN_DEPRECATED_OBJC_IMPLEMENTATIONS = YES;
				CLANG_WARN_DIRECT_OBJC_ISA_USAGE = YES_ERROR;
				CLANG_WARN_DOCUMENTATION_COMMENTS = YES;
				CLANG_WARN_EMPTY_BODY = YES;
				CLANG_WARN_ENUM_CONVERSION = YES;
				CLANG_WARN_INFINITE_RECURSION = YES;
				CLANG_WARN_INT_CONVERSION = YES;
				CLANG_WARN_NON_LITERAL_NULL_CONVERSION = YES;
				CLANG_WARN_OBJC_IMPLICIT_RETAIN_SELF = YES;
				CLANG_WARN_OBJC_LITERAL_CONVERSION = YES;
				CLANG_WARN_OBJC_ROOT_CLASS = YES_ERROR;
				CLANG_WARN_QUOTED_INCLUDE_IN_FRAMEWORK_HEADER = YES;
				CLANG_WARN_RANGE_LOOP_ANALYSIS = YES;
				CLANG_WARN_STRICT_PROTOTYPES = YES;
				CLANG_WARN_SUSPICIOUS_MOVE = YES;
				CLANG_WARN_UNGUARDED_AVAILABILITY = YES_AGGRESSIVE;
				CLANG_WARN_UNREACHABLE_CODE = YES;
				CLANG_WARN__DUPLICATE_METHOD_MATCH = YES;
				COPY_PHASE_STRIP = NO;
				DEBUG_INFORMATION_FORMAT = dwarf;
				ENABLE_STRICT_OBJC_MSGSEND = YES;
				ENABLE_TESTABILITY = YES;
				ENABLE_USER_SCRIPT_SANDBOXING = YES;
				GCC_C_LANGUAGE_STANDARD = gnu17;
				GCC_DYNAMIC_NO_PIC = NO;
				GCC_NO_COMMON_BLOCKS = YES;
				GCC_OPTIMIZATION_LEVEL = 0;
				GCC_PREPROCESSOR_DEFINITIONS = (
					"DEBUG=1",
					"$(inherited)",
				);
				GCC_WARN_64_TO_32_BIT_CONVERSION = YES;
				GCC_WARN_ABOUT_RETURN_TYPE = YES_ERROR;
				GCC_WARN_UNDECLARED_SELECTOR = YES;
				GCC_WARN_UNINITIALIZED_AUTOS = YES_AGGRESSIVE;
				GCC_WARN_UNUSED_FUNCTION = YES;
				GCC_WARN_UNUSED_VARIABLE = YES;
				IPHONEOS_DEPLOYMENT_TARGET = 17.0;
				LOCALIZATION_PREFERS_STRING_CATALOGS = YES;
				MTL_ENABLE_DEBUG_INFO = INCLUDE_SOURCE;
				MTL_FAST_MATH = YES;
				ONLY_ACTIVE_ARCH = YES;
				SDKROOT = iphoneos;
				SWIFT_ACTIVE_COMPILATION_CONDITIONS = "DEBUG $(inherited)";
				SWIFT_OPTIMIZATION_LEVEL = "-Onone";
			};
			name = Debug;
		};
		AF980A632B0FA9EF00AA71E4 /* Release */ = {
			isa = XCBuildConfiguration;
			buildSettings = {
				ALWAYS_SEARCH_USER_PATHS = NO;
				ASSETCATALOG_COMPILER_GENERATE_SWIFT_ASSET_SYMBOL_EXTENSIONS = YES;
				CLANG_ANALYZER_NONNULL = YES;
				CLANG_ANALYZER_NUMBER_OBJECT_CONVERSION = YES_AGGRESSIVE;
				CLANG_CXX_LANGUAGE_STANDARD = "gnu++20";
				CLANG_ENABLE_MODULES = YES;
				CLANG_ENABLE_OBJC_ARC = YES;
				CLANG_ENABLE_OBJC_WEAK = YES;
				CLANG_WARN_BLOCK_CAPTURE_AUTORELEASING = YES;
				CLANG_WARN_BOOL_CONVERSION = YES;
				CLANG_WARN_COMMA = YES;
				CLANG_WARN_CONSTANT_CONVERSION = YES;
				CLANG_WARN_DEPRECATED_OBJC_IMPLEMENTATIONS = YES;
				CLANG_WARN_DIRECT_OBJC_ISA_USAGE = YES_ERROR;
				CLANG_WARN_DOCUMENTATION_COMMENTS = YES;
				CLANG_WARN_EMPTY_BODY = YES;
				CLANG_WARN_ENUM_CONVERSION = YES;
				CLANG_WARN_INFINITE_RECURSION = YES;
				CLANG_WARN_INT_CONVERSION = YES;
				CLANG_WARN_NON_LITERAL_NULL_CONVERSION = YES;
				CLANG_WARN_OBJC_IMPLICIT_RETAIN_SELF = YES;
				CLANG_WARN_OBJC_LITERAL_CONVERSION = YES;
				CLANG_WARN_OBJC_ROOT_CLASS = YES_ERROR;
				CLANG_WARN_QUOTED_INCLUDE_IN_FRAMEWORK_HEADER = YES;
				CLANG_WARN_RANGE_LOOP_ANALYSIS = YES;
				CLANG_WARN_STRICT_PROTOTYPES = YES;
				CLANG_WARN_SUSPICIOUS_MOVE = YES;
				CLANG_WARN_UNGUARDED_AVAILABILITY = YES_AGGRESSIVE;
				CLANG_WARN_UNREACHABLE_CODE = YES;
				CLANG_WARN__DUPLICATE_METHOD_MATCH = YES;
				COPY_PHASE_STRIP = NO;
				DEBUG_INFORMATION_FORMAT = "dwarf-with-dsym";
				ENABLE_NS_ASSERTIONS = NO;
				ENABLE_STRICT_OBJC_MSGSEND = YES;
				ENABLE_USER_SCRIPT_SANDBOXING = YES;
				GCC_C_LANGUAGE_STANDARD = gnu17;
				GCC_NO_COMMON_BLOCKS = YES;
				GCC_WARN_64_TO_32_BIT_CONVERSION = YES;
				GCC_WARN_ABOUT_RETURN_TYPE = YES_ERROR;
				GCC_WARN_UNDECLARED_SELECTOR = YES;
				GCC_WARN_UNINITIALIZED_AUTOS = YES_AGGRESSIVE;
				GCC_WARN_UNUSED_FUNCTION = YES;
				GCC_WARN_UNUSED_VARIABLE = YES;
				IPHONEOS_DEPLOYMENT_TARGET = 17.0;
				LOCALIZATION_PREFERS_STRING_CATALOGS = YES;
				MTL_ENABLE_DEBUG_INFO = NO;
				MTL_FAST_MATH = YES;
				SDKROOT = iphoneos;
				SWIFT_COMPILATION_MODE = wholemodule;
				VALIDATE_PRODUCT = YES;
			};
			name = Release;
		};
		AF980A652B0FA9EF00AA71E4 /* Debug */ = {
			isa = XCBuildConfiguration;
			buildSettings = {
				ASSETCATALOG_COMPILER_APPICON_NAME = AppIcon;
				ASSETCATALOG_COMPILER_GLOBAL_ACCENT_COLOR_NAME = AccentColor;
				CODE_SIGN_STYLE = Automatic;
				CURRENT_PROJECT_VERSION = 1;
				DEVELOPMENT_ASSET_PATHS = "\"five.minutes.math.drills/Preview Content\"";
				DEVELOPMENT_TEAM = TWLZG56W23;
				ENABLE_PREVIEWS = YES;
				GENERATE_INFOPLIST_FILE = YES;
				INFOPLIST_KEY_UIApplicationSceneManifest_Generation = YES;
				INFOPLIST_KEY_UIApplicationSupportsIndirectInputEvents = YES;
				INFOPLIST_KEY_UILaunchScreen_Generation = YES;
				INFOPLIST_KEY_UISupportedInterfaceOrientations_iPad = "UIInterfaceOrientationPortrait UIInterfaceOrientationPortraitUpsideDown UIInterfaceOrientationLandscapeLeft UIInterfaceOrientationLandscapeRight";
				INFOPLIST_KEY_UISupportedInterfaceOrientations_iPhone = "UIInterfaceOrientationPortrait UIInterfaceOrientationLandscapeLeft UIInterfaceOrientationLandscapeRight";
				IPHONEOS_DEPLOYMENT_TARGET = 16.0;
				LD_RUNPATH_SEARCH_PATHS = (
					"$(inherited)",
					"@executable_path/Frameworks",
				);
				MARKETING_VERSION = 1.0;
				PRODUCT_BUNDLE_IDENTIFIER = "io.codedancoffee.five-minutes-math-drills";
				PRODUCT_NAME = "$(TARGET_NAME)";
				SWIFT_EMIT_LOC_STRINGS = YES;
				SWIFT_VERSION = 5.0;
				TARGETED_DEVICE_FAMILY = "1,2";
			};
			name = Debug;
		};
		AF980A662B0FA9EF00AA71E4 /* Release */ = {
			isa = XCBuildConfiguration;
			buildSettings = {
				ASSETCATALOG_COMPILER_APPICON_NAME = AppIcon;
				ASSETCATALOG_COMPILER_GLOBAL_ACCENT_COLOR_NAME = AccentColor;
				CODE_SIGN_STYLE = Automatic;
				CURRENT_PROJECT_VERSION = 1;
				DEVELOPMENT_ASSET_PATHS = "\"five.minutes.math.drills/Preview Content\"";
				DEVELOPMENT_TEAM = TWLZG56W23;
				ENABLE_PREVIEWS = YES;
				GENERATE_INFOPLIST_FILE = YES;
				INFOPLIST_KEY_UIApplicationSceneManifest_Generation = YES;
				INFOPLIST_KEY_UIApplicationSupportsIndirectInputEvents = YES;
				INFOPLIST_KEY_UILaunchScreen_Generation = YES;
				INFOPLIST_KEY_UISupportedInterfaceOrientations_iPad = "UIInterfaceOrientationPortrait UIInterfaceOrientationPortraitUpsideDown UIInterfaceOrientationLandscapeLeft UIInterfaceOrientationLandscapeRight";
				INFOPLIST_KEY_UISupportedInterfaceOrientations_iPhone = "UIInterfaceOrientationPortrait UIInterfaceOrientationLandscapeLeft UIInterfaceOrientationLandscapeRight";
				IPHONEOS_DEPLOYMENT_TARGET = 16.0;
				LD_RUNPATH_SEARCH_PATHS = (
					"$(inherited)",
					"@executable_path/Frameworks",
				);
				MARKETING_VERSION = 1.0;
				PRODUCT_BUNDLE_IDENTIFIER = "io.codedancoffee.five-minutes-math-drills";
				PRODUCT_NAME = "$(TARGET_NAME)";
				SWIFT_EMIT_LOC_STRINGS = YES;
				SWIFT_VERSION = 5.0;
				TARGETED_DEVICE_FAMILY = "1,2";
			};
			name = Release;
		};
/* End XCBuildConfiguration section */

/* Begin XCConfigurationList section */
		AF980A512B0FA9EE00AA71E4 /* Build configuration list for PBXProject "five.minutes.math.drills" */ = {
			isa = XCConfigurationList;
			buildConfigurations = (
				AF980A622B0FA9EF00AA71E4 /* Debug */,
				AF980A632B0FA9EF00AA71E4 /* Release */,
			);
			defaultConfigurationIsVisible = 0;
			defaultConfigurationName = Release;
		};
		AF980A642B0FA9EF00AA71E4 /* Build configuration list for PBXNativeTarget "five.minutes.math.drills" */ = {
			isa = XCConfigurationList;
			buildConfigurations = (
				AF980A652B0FA9EF00AA71E4 /* Debug */,
				AF980A662B0FA9EF00AA71E4 /* Release */,
			);
			defaultConfigurationIsVisible = 0;
			defaultConfigurationName = Release;
		};
/* End XCConfigurationList section */

/* Begin XCVersionGroup section */
		AFD62CAF2B1C864100A9339C /* 5minmath.xcdatamodeld */ = {
			isa = XCVersionGroup;
			children = (
				AFD62CB02B1C864100A9339C /* 5minmath.xcdatamodel */,
			);
			currentVersion = AFD62CB02B1C864100A9339C /* 5minmath.xcdatamodel */;
			path = 5minmath.xcdatamodeld;
			sourceTree = "<group>";
			versionGroupType = wrapper.xcdatamodel;
		};
/* End XCVersionGroup section */
	};
	rootObject = AF980A4E2B0FA9EE00AA71E4 /* Project object */;
}
